
Microsoft Visual Studio Solution File, Format Version 12.00
# Visual Studio Version 17
VisualStudioVersion = 17.8.34511.84
MinimumVisualStudioVersion = 10.0.40219.1
Project("{FAE04EC0-301F-11D3-BF4B-00C04F79EFBC}") = "StudentInfoManager", "StudentInfoManager\StudentInfoManager.csproj", "{8E4DA86A-58BC-4598-9A57-DBBA576E6C3E}"
EndProject
Project("{FAE04EC0-301F-11D3-BF4B-00C04F79EFBC}") = "Core", "Core\Core.csproj", "{AE647779-D04C-4BDD-86A8-C308419F4711}"
EndProject
Project("{FAE04EC0-301F-11D3-BF4B-00C04F79EFBC}") = "Infrastructure", "Infrastructure\Infrastructure.csproj", "{1D3AF547-37FD-4D1D-B34B-9D0DD57F938D}"
EndProject
Project("{FAE04EC0-301F-11D3-BF4B-00C04F79EFBC}") = "Services", "Services\Services.csproj", "{A8C6C48E-5A7E-49F9-AB81-49D3B008517C}"
EndProject
Global
	GlobalSection(SolutionConfigurationPlatforms) = preSolution
		Debug|Any CPU = Debug|Any CPU
		Release|Any CPU = Release|Any CPU
	EndGlobalSection
	GlobalSection(ProjectConfigurationPlatforms) = postSolution
		{8E4DA86A-58BC-4598-9A57-DBBA576E6C3E}.Debug|Any CPU.ActiveCfg = Debug|Any CPU
		{8E4DA86A-58BC-4598-9A57-DBBA576E6C3E}.Debug|Any CPU.Build.0 = Debug|Any CPU
		{8E4DA86A-58BC-4598-9A57-DBBA576E6C3E}.Release|Any CPU.ActiveCfg = Release|Any CPU
		{8E4DA86A-58BC-4598-9A57-DBBA576E6C3E}.Release|Any CPU.Build.0 = Release|Any CPU
		{AE647779-D04C-4BDD-86A8-C308419F4711}.Debug|Any CPU.ActiveCfg = Debug|Any CPU
		{AE647779-D04C-4BDD-86A8-C308419F4711}.Debug|Any CPU.Build.0 = Debug|Any CPU
		{AE647779-D04C-4BDD-86A8-C308419F4711}.Release|Any CPU.ActiveCfg = Release|Any CPU
		{AE647779-D04C-4BDD-86A8-C308419F4711}.Release|Any CPU.Build.0 = Release|Any CPU
		{1D3AF547-37FD-4D1D-B34B-9D0DD57F938D}.Debug|Any CPU.ActiveCfg = Debug|Any CPU
		{1D3AF547-37FD-4D1D-B34B-9D0DD57F938D}.Debug|Any CPU.Build.0 = Debug|Any CPU
		{1D3AF547-37FD-4D1D-B34B-9D0DD57F938D}.Release|Any CPU.ActiveCfg = Release|Any CPU
		{1D3AF547-37FD-4D1D-B34B-9D0DD57F938D}.Release|Any CPU.Build.0 = Release|Any CPU
		{A8C6C48E-5A7E-49F9-AB81-49D3B008517C}.Debug|Any CPU.ActiveCfg = Debug|Any CPU
		{A8C6C48E-5A7E-49F9-AB81-49D3B008517C}.Debug|Any CPU.Build.0 = Debug|Any CPU
		{A8C6C48E-5A7E-49F9-AB81-49D3B008517C}.Release|Any CPU.ActiveCfg = Release|Any CPU
		{A8C6C48E-5A7E-49F9-AB81-49D3B008517C}.Release|Any CPU.Build.0 = Release|Any CPU
	EndGlobalSection
	GlobalSection(SolutionProperties) = preSolution
		HideSolutionNode = FALSE
	EndGlobalSection
	GlobalSection(ExtensibilityGlobals) = postSolution
		SolutionGuid = {21280AF0-FAAD-4D62-B0B5-05D7E68F7914}
	EndGlobalSection
EndGlobal
